github.com/OneOfOne/xxhash v1.2.2 h1:KMrpdQIwFcEqXDklaen+P1axHaj9BSKzvpUUfnHldSE=
github.com/OneOfOne/xxhash v1.2.2/go.mod h1:HSdplMjZKSmBqAxg5vPj2TmRDmfkzw+cTzAElWljhcU=
github.com/VictoriaMetrics/fastcache v1.12.1 h1:i0mICQuojGDL3KblA7wUNlY5lOK6a4bwt3uRKnkZU40=
github.com/VictoriaMetrics/fastcache v1.12.1/go.mod h1:tX04vaqcNoQeGLD+ra5pU5sWkuxnzWhEzLwhP9w653o=
github.com/akyoto/cache v1.0.6 h1:5XGVVYoi2i+DZLLPuVIXtsNIJ/qaAM16XT0LaBaXd2k=
github.com/akyoto/cache v1.0.6/go.mod h1:WfxTRqKhfgAG71Xh6E3WLpjhBtZI37O53G4h5s+3iM4=
github.com/allegro/bigcache v1.2.1-0.20190218064605-e24eb225f156/go.mod h1:Cb/ax3seSYIx7SuZdm2G2xzfwmv3TPSk2ucNfQESPXM=
github.com/allegro/bigcache v1.2.1 h1:hg1sY1raCwic3Vnsvje6TT7/pnZba83LeFck5NrFKSc=
github.com/allegro/bigcache v1.2.1/go.mod h1:Cb/ax3seSYIx7SuZdm2G2xzfwmv3TPSk2ucNfQESPXM=
github.com/bahlo/generic-list-go v0.2.0 h1:5sz/EEAK+ls5wF+NeqDpk5+iNdMDXrh3z3nPnH1Wvgk=
github.com/bahlo/generic-list-go v0.2.0/go.mod h1:2KvAjgMlE5NNynlg/5iLrrCCZ2+5xWbdbCW3pNTGyYg=
github.com/bluele/gcache v0.0.0-20190518031135-bc40bd653833 h1:yCfXxYaelOyqnia8F/Yng47qhmfC9nKTRIbYRrRueq4=
github.com/bluele/gcache v0.0.0-20190518031135-bc40bd653833/go.mod h1:8c4/i2VlovMO2gBnHGQPN5EJw+H0lx1u/5p+cgsXtCk=
github.com/cespare/xxhash v1.1.0 h1:a6HrQnmkObjyL+Gs60czilIUGqrzKutQD6XZog3p+ko=
github.com/cespare/xxhash v1.1.0/go.mod h1:XrSqR1VqqWfGrhpAt58auRo0WTKS1nRRg3ghfAqPWnc=
github.com/cespare/xxhash/v2 v2.2.0 h1:DC2CZ1Ep5Y4k3ZQ899DldepgrayRUGE6BBZ/cd9Cj44=
github.com/cespare/xxhash/v2 v2.2.0/go.mod h1:VGX0DQ3Q6kWi7AoAeZDth3/j3BFtOZR5XLFGgcrjCOs=
github.com/coocood/freecache v1.1.1 h1:uukNF7QKCZEdZ9gAV7WQzvh0SbjwdMF6m3x3rxEkaPc=
github.com/coocood/freecache v1.1.1/go.mod h1:OKrEjkGVoxZhyWAJoeFi5BMLUJm2Tit0kpGkIr7NGYY=
github.com/davecgh/go-spew v1.1.0/go.mod h1:J7Y8YcW2NihsgmVo/mv3lAwl/skON4iLHjSsI+c5H38=
github.com/davecgh/go-spew v1.1.1 h1:vj9j/u1bqnvCEfJOwUhtlOARqs3+rkHYY13jYWTU97c=
github.com/davecgh/go-spew v1.1.1/go.mod h1:J7Y8YcW2NihsgmVo/mv3lAwl/skON4iLHjSsI+c5H38=
github.com/dgraph-io/ristretto v0.0.3 h1:jh22xisGBjrEVnRZ1DVTpBVQm0Xndu8sMl0CWDzSIBI=
github.com/dgraph-io/ristretto v0.0.3/go.mod h1:KPxhHT9ZxKefz+PCeOGsrHpl1qZ7i70dGTu2u+Ahh6E=
github.com/dgryski/go-farm v0.0.0-20190423205320-6a90982ecee2 h1:tdlZCpZ/P9DhczCTSixgIKmwPv6+wP5DGjqLYw5SUiA=
github.com/dgryski/go-farm v0.0.0-20190423205320-6a90982ecee2/go.mod h1:SqUrOPUnsFjfmXRMNPybcSiG0BgUW2AuFH8PAnS2iTw=
github.com/erni27/imcache v1.0.1 h1:1FYEw1wSLwwVIxwvXTbc7KFvpwsRVSxyf58Jb8p0dBw=
github.com/erni27/imcache v1.0.1/go.mod h1:KNUCBr1U9nOFTyUEC9CsMKZE33NboYTPavsQsuEufoA=
github.com/floatdrop/2q v0.1.1 h1:pvc6VoRRFFOMOiyEdIRbZhteBnsRxOefhkhM0PBs4/w=
github.com/floatdrop/2q v0.1.1/go.mod h1:IYGRgNFrz8iTkjZTVPx+nvEqVw8OJTmAfaIw2L8n9dE=
github.com/floatdrop/fifo v0.1.1 h1:XgqCcX2VhJrOitobenAQ2AcQO21A0h+14lXbUqQgWFQ=
github.com/floatdrop/fifo v0.1.1/go.mod h1:0amavbcQlKVYsrSVlbCXhDHGtoYo6tWwWjySmk5Yemw=
github.com/floatdrop/lru v1.2.1 h1:8p719LBsu16f0V+fOn1h9gnfvKP/Hy3jZvXiLqDl/D4=
github.com/floatdrop/lru v1.2.1/go.mod h1:83zlXKA06Bm32JImNINCiTr0ldadvdAjUe5jSwIaw0s=
github.com/golang/snappy v0.0.4 h1:yAGX7huGHXlcLOEtBnF4w7FQwA26wojNCwOYAEhLjQM=
github.com/golang/snappy v0.0.4/go.mod h1:/XxbfmMg8lxefKM7IXC3fBNl/7bRcc72aCRzEWrmP2Q=
github.com/hashicorp/golang-lru v0.5.4 h1:YDjusn29QI/Das2iO9M0BHnIbxPeyuCHsjMW+lJfyTc=
github.com/hashicorp/golang-lru v0.5.4/go.mod h1:iADmTwqILo4mZ8BN3D2Q6+9jd8WM5uGBxy+E8yxSoD4=
github.com/jellydator/ttlcache/v3 v3.0.1 h1:cHgCSMS7TdQcoprXnWUptJZzyFsqs18Lt8VVhRuZYVU=
github.com/jellydator/ttlcache/v3 v3.0.1/go.mod h1:WwTaEmcXQ3MTjOm4bsZoDFiCu/hMvNWLO1w67RXz6h4=
github.com/koding/cache v0.0.0-20161222233015-e8a81b0b3f20 h1:R7RAW1p8wjhlHKFhS4X7h8EePqADev/PltCmW9qlJoM=
github.com/koding/cache v0.0.0-20161222233015-e8a81b0b3f20/go.mod h1:sh5SGGmQVGUkWDnxevz0I2FJ4TeC18hRPRjKVBMb2kA=
github.com/kr/pty v1.1.1/go.mod h1:pFQYn66WHrOpPYNljwOMqo10TkYh1fy3cYio2l3bCsQ=
github.com/kr/text v0.1.0 h1:45sCR5RtlFHMR4UwH9sdQ5TC8v0qDQCHnXt+kaKSTVE=
github.com/kr/text v0.1.0/go.mod h1:4Jbv+DJW3UT/LiOwJeYQe1efqtUx/iVham/4vfdArNI=
github.com/muesli/cache2go v0.0.0-20200423001931-a100c5aac93f h1:dBzTzAKOh89fTvdQ3XlXupMExvLty90V1rrpChTAQAY=
github.com/muesli/cache2go v0.0.0-20200423001931-a100c5aac93f/go.mod h1:414R+qZrt4f9S2TO/s6YVQMNAXR2KdwqQ7pW+O4oYzU=
github.com/niemeyer/pretty v0.0.0-20200227124842-a10e7caefd8e h1:fD57ERR4JtEqsWbfPhv4DMiApHyliiK5xCTNVSPiaAs=
github.com/niemeyer/pretty v0.0.0-20200227124842-a10e7caefd8e/go.mod h1:zD1mROLANZcx1PVRCS0qkT7pwLkGfwJo4zjcN/Tysno=
github.com/orcaman/concurrent-map v0.0.0-20190826125027-8c72a8bb44f6 h1:lNCW6THrCKBiJBpz8kbVGjC7MgdCGKwuvBgc7LoD6sw=
github.com/orcaman/concurrent-map v0.0.0-20190826125027-8c72a8bb44f6/go.mod h1:Lu3tH6HLW3feq74c2GC+jIMS/K2CFcDWnWD9XkenwhI=
github.com/patrickmn/go-cache v2.1.0+incompatible h1:HRMgzkcYKYpi3C8ajMPV8OFXaaRUnok+kx1WdO15EQc=
github.com/patrickmn/go-cache v2.1.0+incompatible/go.mod h1:3Qf8kWWT7OJRJbdiICTKqZju1ZixQ/KpMGzzAfe6+WQ=
github.com/pmezard/go-difflib v1.0.0 h1:4DBwDE0NGyQoBHbLQYPwSUPoCMWR5BEzIk/f1lZbAQM=
github.com/pmezard/go-difflib v1.0.0/go.mod h1:iKH77koFhYxTK1pcRnkKkqfTogsbg7gZNVY4sRDYZ/4=
github.com/smallnest/exp v0.0.0-20230619045857-65ada312c447 h1:uzLg145AlznrLZ3whTaFZYnWOKW+Wj6CFSn6T00kJUk=
github.com/smallnest/exp v0.0.0-20230619045857-65ada312c447/go.mod h1:p8A8vK028xo+FXUP7ZGV2WD3MPdJUVkalDdW+gXz2hk=
github.com/spaolacci/murmur3 v0.0.0-20180118202830-f09979ecbc72 h1:qLC7fQah7D6K1B0ujays3HV9gkFtllcxhzImRR7ArPQ=
github.com/spaolacci/murmur3 v0.0.0-20180118202830-f09979ecbc72/go.mod h1:JwIasOWyU6f++ZhiEuf87xNszmSA2myDM2Kzu9HwQUA=
github.com/stretchr/objx v0.1.0/go.mod h1:HFkY916IF+rwdDfMAkV7OtwuqBVzrE8GR6GFx+wExME=
github.com/stretchr/testify v1.3.0/go.mod h1:M5WIy9Dh21IEIfnGCwXGc5bZfKNJtfHm1UVUgZn+9EI=
github.com/stretchr/testify v1.4.0/go.mod h1:j7eGeouHqKxXV5pUuKE4zz7dFj8WfuZ+81PSLYec5m4=
github.com/stretchr/testify v1.8.4 h1:CcVxjf3Q8PM0mHUKJCdn+eZZtm5yQwehR5yeSVQQcUk=
golang.org/x/sync v0.0.0-20210220032951-036812b2e83c h1:5KslGYwFpkhGh+Q16bwMP3cOontH8FOep7tGV86Y7SQ=
golang.org/x/sync v0.0.0-20210220032951-036812b2e83c/go.mod h1:RxMgew5VJxzue5/jJTE5uejpjVlOe/izrB70Jof72aM=
golang.org/x/sys v0.5.0 h1:MUK/U/4lj1t1oPg0HfuXDN/Z1wv31ZJ/YcPiGccS4DU=
golang.org/x/sys v0.5.0/go.mod h1:oPkhp1MJrh7nUepCBck5+mAzfO9JrbApNNgaTdGDITg=
gopkg.in/check.v1 v0.0.0-20161208181325-20d25e280405/go.mod h1:Co6ibVJAznAaIkqp8huTwlJQCZ016jof/cbN4VW5Yz0=
gopkg.in/check.v1 v1.0.0-20200902074654-038fdea0a05b h1:QRR6H1YWRnHb4Y/HeNFCTJLFVxaq6wH4YuVdsUOr75U=
gopkg.in/check.v1 v1.0.0-20200902074654-038fdea0a05b/go.mod h1:Co6ibVJAznAaIkqp8huTwlJQCZ016jof/cbN4VW5Yz0=
gopkg.in/mgo.v2 v2.0.0-20190816093944-a6b53ec6cb22 h1:VpOs+IwYnYBaFnrNAeB8UUWtL3vEUnzSCL1nVjPhqrw=
gopkg.in/mgo.v2 v2.0.0-20190816093944-a6b53ec6cb22/go.mod h1:yeKp02qBN3iKW1OzL3MGk2IdtZzaj7SFntXj72NppTA=
gopkg.in/yaml.v2 v2.2.2/go.mod h1:hI93XBmqTisBFMUTm0b8Fm+jr3Dg1NNxqwp+5A1VGuI=
gopkg.in/yaml.v2 v2.3.0 h1:clyUAQHOM3G0M3f5vQj7LuJrETvjVot3Z5el9nffUtU=
gopkg.in/yaml.v2 v2.3.0/go.mod h1:hI93XBmqTisBFMUTm0b8Fm+jr3Dg1NNxqwp+5A1VGuI=
gopkg.in/yaml.v3 v3.0.1 h1:fxVm/GzAzEWqLHuvctI91KS9hhNmmWOoWu0XTYJS7CA=
